// !$*UTF8*$!
{
	archiveVersion = 1;
	classes = {
	};
	objectVersion = 55;
	objects = {

/* Begin PBXBuildFile section */
		87A98FE02865AE5000316AF8 /* AppDelegate.swift in Sources */ = {isa = PBXBuildFile; fileRef = 87A98FDF2865AE5000316AF8 /* AppDelegate.swift */; };
		87A98FE22865AE5000316AF8 /* SceneDelegate.swift in Sources */ = {isa = PBXBuildFile; fileRef = 87A98FE12865AE5000316AF8 /* SceneDelegate.swift */; };
		87A98FEA2865AE5000316AF8 /* Pokemon.xcdatamodeld in Sources */ = {isa = PBXBuildFile; fileRef = 87A98FE82865AE5000316AF8 /* Pokemon.xcdatamodeld */; };
		87A98FEC2865AE5200316AF8 /* Assets.xcassets in Resources */ = {isa = PBXBuildFile; fileRef = 87A98FEB2865AE5200316AF8 /* Assets.xcassets */; };
		87A98FEF2865AE5200316AF8 /* LaunchScreen.storyboard in Resources */ = {isa = PBXBuildFile; fileRef = 87A98FED2865AE5200316AF8 /* LaunchScreen.storyboard */; };
		87A98FFA2865AE5200316AF8 /* PokemonTests.swift in Sources */ = {isa = PBXBuildFile; fileRef = 87A98FF92865AE5200316AF8 /* PokemonTests.swift */; };
		87A990042865AE5200316AF8 /* PokemonUITests.swift in Sources */ = {isa = PBXBuildFile; fileRef = 87A990032865AE5200316AF8 /* PokemonUITests.swift */; };
		87A990062865AE5200316AF8 /* PokemonUITestsLaunchTests.swift in Sources */ = {isa = PBXBuildFile; fileRef = 87A990052865AE5200316AF8 /* PokemonUITestsLaunchTests.swift */; };
		87A990162865BC5100316AF8 /* HomePage.storyboard in Resources */ = {isa = PBXBuildFile; fileRef = 87A990152865BC5100316AF8 /* HomePage.storyboard */; };
		87A990172865BC5100316AF8 /* HomePage.storyboard in Resources */ = {isa = PBXBuildFile; fileRef = 87A990152865BC5100316AF8 /* HomePage.storyboard */; };
		87A990182865BC5100316AF8 /* HomePage.storyboard in Resources */ = {isa = PBXBuildFile; fileRef = 87A990152865BC5100316AF8 /* HomePage.storyboard */; };
		87A9901E2865BF7D00316AF8 /* HomePage.swift in Sources */ = {isa = PBXBuildFile; fileRef = 87A9901D2865BF7D00316AF8 /* HomePage.swift */; };
		87A9901F2865BF7D00316AF8 /* HomePage.swift in Sources */ = {isa = PBXBuildFile; fileRef = 87A9901D2865BF7D00316AF8 /* HomePage.swift */; };
		87A990202865BF7D00316AF8 /* HomePage.swift in Sources */ = {isa = PBXBuildFile; fileRef = 87A9901D2865BF7D00316AF8 /* HomePage.swift */; };
		87A990222865C07000316AF8 /* PokemonItem.xib in Resources */ = {isa = PBXBuildFile; fileRef = 87A990212865C07000316AF8 /* PokemonItem.xib */; };
		87A990232865C07000316AF8 /* PokemonItem.xib in Resources */ = {isa = PBXBuildFile; fileRef = 87A990212865C07000316AF8 /* PokemonItem.xib */; };
		87A990242865C07000316AF8 /* PokemonItem.xib in Resources */ = {isa = PBXBuildFile; fileRef = 87A990212865C07000316AF8 /* PokemonItem.xib */; };
		87A990262865C1D500316AF8 /* PokemonItem.swift in Sources */ = {isa = PBXBuildFile; fileRef = 87A990252865C1D500316AF8 /* PokemonItem.swift */; };
		87A990272865C1D500316AF8 /* PokemonItem.swift in Sources */ = {isa = PBXBuildFile; fileRef = 87A990252865C1D500316AF8 /* PokemonItem.swift */; };
		87A990282865C1D500316AF8 /* PokemonItem.swift in Sources */ = {isa = PBXBuildFile; fileRef = 87A990252865C1D500316AF8 /* PokemonItem.swift */; };
/* End PBXBuildFile section */

/* Begin PBXContainerItemProxy section */
		87A98FF62865AE5200316AF8 /* PBXContainerItemProxy */ = {
			isa = PBXContainerItemProxy;
			containerPortal = 87A98FD42865AE5000316AF8 /* Project object */;
			proxyType = 1;
			remoteGlobalIDString = 87A98FDB2865AE5000316AF8;
			remoteInfo = Pokemon;
		};
		87A990002865AE5200316AF8 /* PBXContainerItemProxy */ = {
			isa = PBXContainerItemProxy;
			containerPortal = 87A98FD42865AE5000316AF8 /* Project object */;
			proxyType = 1;
			remoteGlobalIDString = 87A98FDB2865AE5000316AF8;
			remoteInfo = Pokemon;
		};
/* End PBXContainerItemProxy section */

/* Begin PBXFileReference section */
		87A98FDC2865AE5000316AF8 /* Pokemon.app */ = {isa = PBXFileReference; explicitFileType = wrapper.application; includeInIndex = 0; path = Pokemon.app; sourceTree = BUILT_PRODUCTS_DIR; };
		87A98FDF2865AE5000316AF8 /* AppDelegate.swift */ = {isa = PBXFileReference; lastKnownFileType = sourcecode.swift; path = AppDelegate.swift; sourceTree = "<group>"; };
		87A98FE12865AE5000316AF8 /* SceneDelegate.swift */ = {isa = PBXFileReference; lastKnownFileType = sourcecode.swift; path = SceneDelegate.swift; sourceTree = "<group>"; };
		87A98FE92865AE5000316AF8 /* Pokemon.xcdatamodel */ = {isa = PBXFileReference; lastKnownFileType = wrapper.xcdatamodel; path = Pokemon.xcdatamodel; sourceTree = "<group>"; };
		87A98FEB2865AE5200316AF8 /* Assets.xcassets */ = {isa = PBXFileReference; lastKnownFileType = folder.assetcatalog; path = Assets.xcassets; sourceTree = "<group>"; };
		87A98FEE2865AE5200316AF8 /* Base */ = {isa = PBXFileReference; lastKnownFileType = file.storyboard; name = Base; path = Base.lproj/LaunchScreen.storyboard; sourceTree = "<group>"; };
		87A98FF02865AE5200316AF8 /* Info.plist */ = {isa = PBXFileReference; lastKnownFileType = text.plist.xml; path = Info.plist; sourceTree = "<group>"; };
		87A98FF52865AE5200316AF8 /* PokemonTests.xctest */ = {isa = PBXFileReference; explicitFileType = wrapper.cfbundle; includeInIndex = 0; path = PokemonTests.xctest; sourceTree = BUILT_PRODUCTS_DIR; };
		87A98FF92865AE5200316AF8 /* PokemonTests.swift */ = {isa = PBXFileReference; lastKnownFileType = sourcecode.swift; path = PokemonTests.swift; sourceTree = "<group>"; };
		87A98FFF2865AE5200316AF8 /* PokemonUITests.xctest */ = {isa = PBXFileReference; explicitFileType = wrapper.cfbundle; includeInIndex = 0; path = PokemonUITests.xctest; sourceTree = BUILT_PRODUCTS_DIR; };
		87A990032865AE5200316AF8 /* PokemonUITests.swift */ = {isa = PBXFileReference; lastKnownFileType = sourcecode.swift; path = PokemonUITests.swift; sourceTree = "<group>"; };
		87A990052865AE5200316AF8 /* PokemonUITestsLaunchTests.swift */ = {isa = PBXFileReference; lastKnownFileType = sourcecode.swift; path = PokemonUITestsLaunchTests.swift; sourceTree = "<group>"; };
		87A990152865BC5100316AF8 /* HomePage.storyboard */ = {isa = PBXFileReference; lastKnownFileType = file.storyboard; path = HomePage.storyboard; sourceTree = "<group>"; };
		87A9901D2865BF7D00316AF8 /* HomePage.swift */ = {isa = PBXFileReference; lastKnownFileType = sourcecode.swift; path = HomePage.swift; sourceTree = "<group>"; };
		87A990212865C07000316AF8 /* PokemonItem.xib */ = {isa = PBXFileReference; lastKnownFileType = file.xib; path = PokemonItem.xib; sourceTree = "<group>"; };
		87A990252865C1D500316AF8 /* PokemonItem.swift */ = {isa = PBXFileReference; lastKnownFileType = sourcecode.swift; path = PokemonItem.swift; sourceTree = "<group>"; };
/* End PBXFileReference section */

/* Begin PBXFrameworksBuildPhase section */
		87A98FD92865AE5000316AF8 /* Frameworks */ = {
			isa = PBXFrameworksBuildPhase;
			buildActionMask = 2147483647;
			files = (
			);
			runOnlyForDeploymentPostprocessing = 0;
		};
		87A98FF22865AE5200316AF8 /* Frameworks */ = {
			isa = PBXFrameworksBuildPhase;
			buildActionMask = 2147483647;
			files = (
			);
			runOnlyForDeploymentPostprocessing = 0;
		};
		87A98FFC2865AE5200316AF8 /* Frameworks */ = {
			isa = PBXFrameworksBuildPhase;
			buildActionMask = 2147483647;
			files = (
			);
			runOnlyForDeploymentPostprocessing = 0;
		};
/* End PBXFrameworksBuildPhase section */

/* Begin PBXGroup section */
		87A98FD32865AE5000316AF8 = {
			isa = PBXGroup;
			children = (
				87A98FDE2865AE5000316AF8 /* Pokemon */,
				87A98FF82865AE5200316AF8 /* PokemonTests */,
				87A990022865AE5200316AF8 /* PokemonUITests */,
				87A98FDD2865AE5000316AF8 /* Products */,
			);
			sourceTree = "<group>";
		};
		87A98FDD2865AE5000316AF8 /* Products */ = {
			isa = PBXGroup;
			children = (
				87A98FDC2865AE5000316AF8 /* Pokemon.app */,
				87A98FF52865AE5200316AF8 /* PokemonTests.xctest */,
				87A98FFF2865AE5200316AF8 /* PokemonUITests.xctest */,
			);
			name = Products;
			sourceTree = "<group>";
		};
		87A98FDE2865AE5000316AF8 /* Pokemon */ = {
			isa = PBXGroup;
			children = (
				87A990132865B63100316AF8 /* Network */,
				87A990122865B62700316AF8 /* UI */,
				87A98FDF2865AE5000316AF8 /* AppDelegate.swift */,
				87A98FE12865AE5000316AF8 /* SceneDelegate.swift */,
				87A98FEB2865AE5200316AF8 /* Assets.xcassets */,
				87A98FED2865AE5200316AF8 /* LaunchScreen.storyboard */,
				87A98FF02865AE5200316AF8 /* Info.plist */,
				87A98FE82865AE5000316AF8 /* Pokemon.xcdatamodeld */,
			);
			path = Pokemon;
			sourceTree = "<group>";
		};
		87A98FF82865AE5200316AF8 /* PokemonTests */ = {
			isa = PBXGroup;
			children = (
				87A98FF92865AE5200316AF8 /* PokemonTests.swift */,
			);
			path = PokemonTests;
			sourceTree = "<group>";
		};
		87A990022865AE5200316AF8 /* PokemonUITests */ = {
			isa = PBXGroup;
			children = (
				87A990032865AE5200316AF8 /* PokemonUITests.swift */,
				87A990052865AE5200316AF8 /* PokemonUITestsLaunchTests.swift */,
			);
			path = PokemonUITests;
			sourceTree = "<group>";
		};
		87A990122865B62700316AF8 /* UI */ = {
			isa = PBXGroup;
			children = (
				87A990142865BC2B00316AF8 /* HomePage */,
			);
			path = UI;
			sourceTree = "<group>";
		};
		87A990132865B63100316AF8 /* Network */ = {
			isa = PBXGroup;
			children = (
			);
			path = Network;
			sourceTree = "<group>";
		};
		87A990142865BC2B00316AF8 /* HomePage */ = {
			isa = PBXGroup;
			children = (
				87A990152865BC5100316AF8 /* HomePage.storyboard */,
				87A9901D2865BF7D00316AF8 /* HomePage.swift */,
				87A990212865C07000316AF8 /* PokemonItem.xib */,
				87A990252865C1D500316AF8 /* PokemonItem.swift */,
			);
			path = HomePage;
			sourceTree = "<group>";
		};
/* End PBXGroup section */

/* Begin PBXNativeTarget section */
		87A98FDB2865AE5000316AF8 /* Pokemon */ = {
			isa = PBXNativeTarget;
			buildConfigurationList = 87A990092865AE5200316AF8 /* Build configuration list for PBXNativeTarget "Pokemon" */;
			buildPhases = (
				87A98FD82865AE5000316AF8 /* Sources */,
				87A98FD92865AE5000316AF8 /* Frameworks */,
				87A98FDA2865AE5000316AF8 /* Resources */,
			);
			buildRules = (
			);
			dependencies = (
			);
			name = Pokemon;
			productName = Pokemon;
			productReference = 87A98FDC2865AE5000316AF8 /* Pokemon.app */;
			productType = "com.apple.product-type.application";
		};
		87A98FF42865AE5200316AF8 /* PokemonTests */ = {
			isa = PBXNativeTarget;
			buildConfigurationList = 87A9900C2865AE5200316AF8 /* Build configuration list for PBXNativeTarget "PokemonTests" */;
			buildPhases = (
				87A98FF12865AE5200316AF8 /* Sources */,
				87A98FF22865AE5200316AF8 /* Frameworks */,
				87A98FF32865AE5200316AF8 /* Resources */,
			);
			buildRules = (
			);
			dependencies = (
				87A98FF72865AE5200316AF8 /* PBXTargetDependency */,
			);
			name = PokemonTests;
			productName = PokemonTests;
			productReference = 87A98FF52865AE5200316AF8 /* PokemonTests.xctest */;
			productType = "com.apple.product-type.bundle.unit-test";
		};
		87A98FFE2865AE5200316AF8 /* PokemonUITests */ = {
			isa = PBXNativeTarget;
			buildConfigurationList = 87A9900F2865AE5200316AF8 /* Build configuration list for PBXNativeTarget "PokemonUITests" */;
			buildPhases = (
				87A98FFB2865AE5200316AF8 /* Sources */,
				87A98FFC2865AE5200316AF8 /* Frameworks */,
				87A98FFD2865AE5200316AF8 /* Resources */,
			);
			buildRules = (
			);
			dependencies = (
				87A990012865AE5200316AF8 /* PBXTargetDependency */,
			);
			name = PokemonUITests;
			productName = PokemonUITests;
			productReference = 87A98FFF2865AE5200316AF8 /* PokemonUITests.xctest */;
			productType = "com.apple.product-type.bundle.ui-testing";
		};
/* End PBXNativeTarget section */

/* Begin PBXProject section */
		87A98FD42865AE5000316AF8 /* Project object */ = {
			isa = PBXProject;
			attributes = {
				BuildIndependentTargetsInParallel = 1;
				LastSwiftUpdateCheck = 1340;
				LastUpgradeCheck = 1340;
				TargetAttributes = {
					87A98FDB2865AE5000316AF8 = {
						CreatedOnToolsVersion = 13.4.1;
					};
					87A98FF42865AE5200316AF8 = {
						CreatedOnToolsVersion = 13.4.1;
						TestTargetID = 87A98FDB2865AE5000316AF8;
					};
					87A98FFE2865AE5200316AF8 = {
						CreatedOnToolsVersion = 13.4.1;
						TestTargetID = 87A98FDB2865AE5000316AF8;
					};
				};
			};
			buildConfigurationList = 87A98FD72865AE5000316AF8 /* Build configuration list for PBXProject "Pokemon" */;
			compatibilityVersion = "Xcode 13.0";
			developmentRegion = en;
			hasScannedForEncodings = 0;
			knownRegions = (
				en,
				Base,
			);
			mainGroup = 87A98FD32865AE5000316AF8;
			productRefGroup = 87A98FDD2865AE5000316AF8 /* Products */;
			projectDirPath = "";
			projectRoot = "";
			targets = (
				87A98FDB2865AE5000316AF8 /* Pokemon */,
				87A98FF42865AE5200316AF8 /* PokemonTests */,
				87A98FFE2865AE5200316AF8 /* PokemonUITests */,
			);
		};
/* End PBXProject section */

/* Begin PBXResourcesBuildPhase section */
		87A98FDA2865AE5000316AF8 /* Resources */ = {
			isa = PBXResourcesBuildPhase;
			buildActionMask = 2147483647;
			files = (
				87A990162865BC5100316AF8 /* HomePage.storyboard in Resources */,
				87A98FEF2865AE5200316AF8 /* LaunchScreen.storyboard in Resources */,
				87A98FEC2865AE5200316AF8 /* Assets.xcassets in Resources */,
				87A990222865C07000316AF8 /* PokemonItem.xib in Resources */,
			);
			runOnlyForDeploymentPostprocessing = 0;
		};
		87A98FF32865AE5200316AF8 /* Resources */ = {
			isa = PBXResourcesBuildPhase;
			buildActionMask = 2147483647;
			files = (
				87A990232865C07000316AF8 /* PokemonItem.xib in Resources */,
				87A990172865BC5100316AF8 /* HomePage.storyboard in Resources */,
			);
			runOnlyForDeploymentPostprocessing = 0;
		};
		87A98FFD2865AE5200316AF8 /* Resources */ = {
			isa = PBXResourcesBuildPhase;
			buildActionMask = 2147483647;
			files = (
				87A990242865C07000316AF8 /* PokemonItem.xib in Resources */,
				87A990182865BC5100316AF8 /* HomePage.storyboard in Resources */,
			);
			runOnlyForDeploymentPostprocessing = 0;
		};
/* End PBXResourcesBuildPhase section */

/* Begin PBXSourcesBuildPhase section */
		87A98FD82865AE5000316AF8 /* Sources */ = {
			isa = PBXSourcesBuildPhase;
			buildActionMask = 2147483647;
			files = (
				87A9901E2865BF7D00316AF8 /* HomePage.swift in Sources */,
				87A98FEA2865AE5000316AF8 /* Pokemon.xcdatamodeld in Sources */,
				87A98FE02865AE5000316AF8 /* AppDelegate.swift in Sources */,
				87A990262865C1D500316AF8 /* PokemonItem.swift in Sources */,
				87A98FE22865AE5000316AF8 /* SceneDelegate.swift in Sources */,
			);
			runOnlyForDeploymentPostprocessing = 0;
		};
		87A98FF12865AE5200316AF8 /* Sources */ = {
			isa = PBXSourcesBuildPhase;
			buildActionMask = 2147483647;
			files = (
				87A98FFA2865AE5200316AF8 /* PokemonTests.swift in Sources */,
				87A990272865C1D500316AF8 /* PokemonItem.swift in Sources */,
				87A9901F2865BF7D00316AF8 /* HomePage.swift in Sources */,
			);
			runOnlyForDeploymentPostprocessing = 0;
		};
		87A98FFB2865AE5200316AF8 /* Sources */ = {
			isa = PBXSourcesBuildPhase;
			buildActionMask = 2147483647;
			files = (
				87A990282865C1D500316AF8 /* PokemonItem.swift in Sources */,
				87A990062865AE5200316AF8 /* PokemonUITestsLaunchTests.swift in Sources */,
				87A990202865BF7D00316AF8 /* HomePage.swift in Sources */,
				87A990042865AE5200316AF8 /* PokemonUITests.swift in Sources */,
			);
			runOnlyForDeploymentPostprocessing = 0;
		};
/* End PBXSourcesBuildPhase section */

/* Begin PBXTargetDependency section */
		87A98FF72865AE5200316AF8 /* PBXTargetDependency */ = {
			isa = PBXTargetDependency;
			target = 87A98FDB2865AE5000316AF8 /* Pokemon */;
			targetProxy = 87A98FF62865AE5200316AF8 /* PBXContainerItemProxy */;
		};
		87A990012865AE5200316AF8 /* PBXTargetDependency */ = {
			isa = PBXTargetDependency;
			target = 87A98FDB2865AE5000316AF8 /* Pokemon */;
			targetProxy = 87A990002865AE5200316AF8 /* PBXContainerItemProxy */;
		};
/* End PBXTargetDependency section */

/* Begin PBXVariantGroup section */
		87A98FED2865AE5200316AF8 /* LaunchScreen.storyboard */ = {
			isa = PBXVariantGroup;
			children = (
				87A98FEE2865AE5200316AF8 /* Base */,
			);
			name = LaunchScreen.storyboard;
			sourceTree = "<group>";
		};
/* End PBXVariantGroup section */

/* Begin XCBuildConfiguration section */
		87A990072865AE5200316AF8 /* Debug */ = {
			isa = XCBuildConfiguration;
			buildSettings = {
				ALWAYS_SEARCH_USER_PATHS = NO;
				CLANG_ANALYZER_NONNULL = YES;
				CLANG_ANALYZER_NUMBER_OBJECT_CONVERSION = YES_AGGRESSIVE;
				CLANG_CXX_LANGUAGE_STANDARD = "gnu++17";
				CLANG_ENABLE_MODULES = YES;
				CLANG_ENABLE_OBJC_ARC = YES;
				CLANG_ENABLE_OBJC_WEAK = YES;
				CLANG_WARN_BLOCK_CAPTURE_AUTORELEASING = YES;
				CLANG_WARN_BOOL_CONVERSION = YES;
				CLANG_WARN_COMMA = YES;
				CLANG_WARN_CONSTANT_CONVERSION = YES;
				CLANG_WARN_DEPRECATED_OBJC_IMPLEMENTATIONS = YES;
				CLANG_WARN_DIRECT_OBJC_ISA_USAGE = YES_ERROR;
				CLANG_WARN_DOCUMENTATION_COMMENTS = YES;
				CLANG_WARN_EMPTY_BODY = YES;
				CLANG_WARN_ENUM_CONVERSION = YES;
				CLANG_WARN_INFINITE_RECURSION = YES;
				CLANG_WARN_INT_CONVERSION = YES;
				CLANG_WARN_NON_LITERAL_NULL_CONVERSION = YES;
				CLANG_WARN_OBJC_IMPLICIT_RETAIN_SELF = YES;
				CLANG_WARN_OBJC_LITERAL_CONVERSION = YES;
				CLANG_WARN_OBJC_ROOT_CLASS = YES_ERROR;
				CLANG_WARN_QUOTED_INCLUDE_IN_FRAMEWORK_HEADER = YES;
				CLANG_WARN_RANGE_LOOP_ANALYSIS = YES;
				CLANG_WARN_STRICT_PROTOTYPES = YES;
				CLANG_WARN_SUSPICIOUS_MOVE = YES;
				CLANG_WARN_UNGUARDED_AVAILABILITY = YES_AGGRESSIVE;
				CLANG_WARN_UNREACHABLE_CODE = YES;
				CLANG_WARN__DUPLICATE_METHOD_MATCH = YES;
				COPY_PHASE_STRIP = NO;
				DEBUG_INFORMATION_FORMAT = dwarf;
				ENABLE_STRICT_OBJC_MSGSEND = YES;
				ENABLE_TESTABILITY = YES;
				GCC_C_LANGUAGE_STANDARD = gnu11;
				GCC_DYNAMIC_NO_PIC = NO;
				GCC_NO_COMMON_BLOCKS = YES;
				GCC_OPTIMIZATION_LEVEL = 0;
				GCC_PREPROCESSOR_DEFINITIONS = (
					"DEBUG=1",
					"$(inherited)",
				);
				GCC_WARN_64_TO_32_BIT_CONVERSION = YES;
				GCC_WARN_ABOUT_RETURN_TYPE = YES_ERROR;
				GCC_WARN_UNDECLARED_SELECTOR = YES;
				GCC_WARN_UNINITIALIZED_AUTOS = YES_AGGRESSIVE;
				GCC_WARN_UNUSED_FUNCTION = YES;
				GCC_WARN_UNUSED_VARIABLE = YES;
				IPHONEOS_DEPLOYMENT_TARGET = 15.5;
				MTL_ENABLE_DEBUG_INFO = INCLUDE_SOURCE;
				MTL_FAST_MATH = YES;
				ONLY_ACTIVE_ARCH = YES;
				SDKROOT = iphoneos;
				SWIFT_ACTIVE_COMPILATION_CONDITIONS = DEBUG;
				SWIFT_OPTIMIZATION_LEVEL = "-Onone";
			};
			name = Debug;
		};
		87A990082865AE5200316AF8 /* Release */ = {
			isa = XCBuildConfiguration;
			buildSettings = {
				ALWAYS_SEARCH_USER_PATHS = NO;
				CLANG_ANALYZER_NONNULL = YES;
				CLANG_ANALYZER_NUMBER_OBJECT_CONVERSION = YES_AGGRESSIVE;
				CLANG_CXX_LANGUAGE_STANDARD = "gnu++17";
				CLANG_ENABLE_MODULES = YES;
				CLANG_ENABLE_OBJC_ARC = YES;
				CLANG_ENABLE_OBJC_WEAK = YES;
				CLANG_WARN_BLOCK_CAPTURE_AUTORELEASING = YES;
				CLANG_WARN_BOOL_CONVERSION = YES;
				CLANG_WARN_COMMA = YES;
				CLANG_WARN_CONSTANT_CONVERSION = YES;
				CLANG_WARN_DEPRECATED_OBJC_IMPLEMENTATIONS = YES;
				CLANG_WARN_DIRECT_OBJC_ISA_USAGE = YES_ERROR;
				CLANG_WARN_DOCUMENTATION_COMMENTS = YES;
				CLANG_WARN_EMPTY_BODY = YES;
				CLANG_WARN_ENUM_CONVERSION = YES;
				CLANG_WARN_INFINITE_RECURSION = YES;
				CLANG_WARN_INT_CONVERSION = YES;
				CLANG_WARN_NON_LITERAL_NULL_CONVERSION = YES;
				CLANG_WARN_OBJC_IMPLICIT_RETAIN_SELF = YES;
				CLANG_WARN_OBJC_LITERAL_CONVERSION = YES;
				CLANG_WARN_OBJC_ROOT_CLASS = YES_ERROR;
				CLANG_WARN_QUOTED_INCLUDE_IN_FRAMEWORK_HEADER = YES;
				CLANG_WARN_RANGE_LOOP_ANALYSIS = YES;
				CLANG_WARN_STRICT_PROTOTYPES = YES;
				CLANG_WARN_SUSPICIOUS_MOVE = YES;
				CLANG_WARN_UNGUARDED_AVAILABILITY = YES_AGGRESSIVE;
				CLANG_WARN_UNREACHABLE_CODE = YES;
				CLANG_WARN__DUPLICATE_METHOD_MATCH = YES;
				COPY_PHASE_STRIP = NO;
				DEBUG_INFORMATION_FORMAT = "dwarf-with-dsym";
				ENABLE_NS_ASSERTIONS = NO;
				ENABLE_STRICT_OBJC_MSGSEND = YES;
				GCC_C_LANGUAGE_STANDARD = gnu11;
				GCC_NO_COMMON_BLOCKS = YES;
				GCC_WARN_64_TO_32_BIT_CONVERSION = YES;
				GCC_WARN_ABOUT_RETURN_TYPE = YES_ERROR;
				GCC_WARN_UNDECLARED_SELECTOR = YES;
				GCC_WARN_UNINITIALIZED_AUTOS = YES_AGGRESSIVE;
				GCC_WARN_UNUSED_FUNCTION = YES;
				GCC_WARN_UNUSED_VARIABLE = YES;
				IPHONEOS_DEPLOYMENT_TARGET = 15.5;
				MTL_ENABLE_DEBUG_INFO = NO;
				MTL_FAST_MATH = YES;
				SDKROOT = iphoneos;
				SWIFT_COMPILATION_MODE = wholemodule;
				SWIFT_OPTIMIZATION_LEVEL = "-O";
				VALIDATE_PRODUCT = YES;
			};
			name = Release;
		};
		87A9900A2865AE5200316AF8 /* Debug */ = {
			isa = XCBuildConfiguration;
			buildSettings = {
				ASSETCATALOG_COMPILER_APPICON_NAME = AppIcon;
				ASSETCATALOG_COMPILER_GLOBAL_ACCENT_COLOR_NAME = AccentColor;
				CODE_SIGN_STYLE = Automatic;
				CURRENT_PROJECT_VERSION = 1;
				DEVELOPMENT_TEAM = SX57K7CMP4;
				GENERATE_INFOPLIST_FILE = YES;
				INFOPLIST_FILE = Pokemon/Info.plist;
				INFOPLIST_KEY_UIApplicationSupportsIndirectInputEvents = YES;
				INFOPLIST_KEY_UILaunchStoryboardName = LaunchScreen;
				INFOPLIST_KEY_UIMainStoryboardFile = HomePage;
				INFOPLIST_KEY_UISupportedInterfaceOrientations_iPad = "UIInterfaceOrientationPortrait UIInterfaceOrientationPortraitUpsideDown UIInterfaceOrientationLandscapeLeft UIInterfaceOrientationLandscapeRight";
				INFOPLIST_KEY_UISupportedInterfaceOrientations_iPhone = "UIInterfaceOrientationPortrait UIInterfaceOrientationLandscapeLeft UIInterfaceOrientationLandscapeRight";
				LD_RUNPATH_SEARCH_PATHS = (
					"$(inherited)",
					"@executable_path/Frameworks",
				);
				MARKETING_VERSION = 1.0;
				PRODUCT_BUNDLE_IDENTIFIER = lsy.Pokemon;
				PRODUCT_NAME = "$(TARGET_NAME)";
				SWIFT_EMIT_LOC_STRINGS = YES;
				SWIFT_VERSION = 5.0;
				TARGETED_DEVICE_FAMILY = "1,2";
			};
			name = Debug;
		};
		87A9900B2865AE5200316AF8 /* Release */ = {
			isa = XCBuildConfiguration;
			buildSettings = {
				ASSETCATALOG_COMPILER_APPICON_NAME = AppIcon;
				ASSETCATALOG_COMPILER_GLOBAL_ACCENT_COLOR_NAME = AccentColor;
				CODE_SIGN_STYLE = Automatic;
				CURRENT_PROJECT_VERSION = 1;
				DEVELOPMENT_TEAM = SX57K7CMP4;
				GENERATE_INFOPLIST_FILE = YES;
				INFOPLIST_FILE = Pokemon/Info.plist;
				INFOPLIST_KEY_UIApplicationSupportsIndirectInputEvents = YES;
				INFOPLIST_KEY_UILaunchStoryboardName = LaunchScreen;
				INFOPLIST_KEY_UIMainStoryboardFile = HomePage;
				INFOPLIST_KEY_UISupportedInterfaceOrientations_iPad = "UIInterfaceOrientationPortrait UIInterfaceOrientationPortraitUpsideDown UIInterfaceOrientationLandscapeLeft UIInterfaceOrientationLandscapeRight";
				INFOPLIST_KEY_UISupportedInterfaceOrientations_iPhone = "UIInterfaceOrientationPortrait UIInterfaceOrientationLandscapeLeft UIInterfaceOrientationLandscapeRight";
				LD_RUNPATH_SEARCH_PATHS = (
					"$(inherited)",
					"@executable_path/Frameworks",
				);
				MARKETING_VERSION = 1.0;
				PRODUCT_BUNDLE_IDENTIFIER = lsy.Pokemon;
				PRODUCT_NAME = "$(TARGET_NAME)";
				SWIFT_EMIT_LOC_STRINGS = YES;
				SWIFT_VERSION = 5.0;
				TARGETED_DEVICE_FAMILY = "1,2";
			};
			name = Release;
		};
		87A9900D2865AE5200316AF8 /* Debug */ = {
			isa = XCBuildConfiguration;
			buildSettings = {
				ALWAYS_EMBED_SWIFT_STANDARD_LIBRARIES = YES;
				BUNDLE_LOADER = "$(TEST_HOST)";
				CODE_SIGN_STYLE = Automatic;
				CURRENT_PROJECT_VERSION = 1;
				DEVELOPMENT_TEAM = SX57K7CMP4;
				GENERATE_INFOPLIST_FILE = YES;
				IPHONEOS_DEPLOYMENT_TARGET = 15.5;
				MARKETING_VERSION = 1.0;
				PRODUCT_BUNDLE_IDENTIFIER = lsy.PokemonTests;
				PRODUCT_NAME = "$(TARGET_NAME)";
				SWIFT_EMIT_LOC_STRINGS = NO;
				SWIFT_VERSION = 5.0;
				TARGETED_DEVICE_FAMILY = "1,2";
				TEST_HOST = "$(BUILT_PRODUCTS_DIR)/Pokemon.app/Pokemon";
			};
			name = Debug;
		};
		87A9900E2865AE5200316AF8 /* Release */ = {
			isa = XCBuildConfiguration;
			buildSettings = {
				ALWAYS_EMBED_SWIFT_STANDARD_LIBRARIES = YES;
				BUNDLE_LOADER = "$(TEST_HOST)";
				CODE_SIGN_STYLE = Automatic;
				CURRENT_PROJECT_VERSION = 1;
				DEVELOPMENT_TEAM = SX57K7CMP4;
				GENERATE_INFOPLIST_FILE = YES;
				IPHONEOS_DEPLOYMENT_TARGET = 15.5;
				MARKETING_VERSION = 1.0;
				PRODUCT_BUNDLE_IDENTIFIER = lsy.PokemonTests;
				PRODUCT_NAME = "$(TARGET_NAME)";
				SWIFT_EMIT_LOC_STRINGS = NO;
				SWIFT_VERSION = 5.0;
				TARGETED_DEVICE_FAMILY = "1,2";
				TEST_HOST = "$(BUILT_PRODUCTS_DIR)/Pokemon.app/Pokemon";
			};
			name = Release;
		};
		87A990102865AE5200316AF8 /* Debug */ = {
			isa = XCBuildConfiguration;
			buildSettings = {
				ALWAYS_EMBED_SWIFT_STANDARD_LIBRARIES = YES;
				CODE_SIGN_STYLE = Automatic;
				CURRENT_PROJECT_VERSION = 1;
				DEVELOPMENT_TEAM = SX57K7CMP4;
				GENERATE_INFOPLIST_FILE = YES;
				MARKETING_VERSION = 1.0;
				PRODUCT_BUNDLE_IDENTIFIER = lsy.PokemonUITests;
				PRODUCT_NAME = "$(TARGET_NAME)";
				SWIFT_EMIT_LOC_STRINGS = NO;
				SWIFT_VERSION = 5.0;
				TARGETED_DEVICE_FAMILY = "1,2";
				TEST_TARGET_NAME = Pokemon;
			};
			name = Debug;
		};
		87A990112865AE5200316AF8 /* Release */ = {
			isa = XCBuildConfiguration;
			buildSettings = {
				ALWAYS_EMBED_SWIFT_STANDARD_LIBRARIES = YES;
				CODE_SIGN_STYLE = Automatic;
				CURRENT_PROJECT_VERSION = 1;
				DEVELOPMENT_TEAM = SX57K7CMP4;
				GENERATE_INFOPLIST_FILE = YES;
				MARKETING_VERSION = 1.0;
				PRODUCT_BUNDLE_IDENTIFIER = lsy.PokemonUITests;
				PRODUCT_NAME = "$(TARGET_NAME)";
				SWIFT_EMIT_LOC_STRINGS = NO;
				SWIFT_VERSION = 5.0;
				TARGETED_DEVICE_FAMILY = "1,2";
				TEST_TARGET_NAME = Pokemon;
			};
			name = Release;
		};
/* End XCBuildConfiguration section */

/* Begin XCConfigurationList section */
		87A98FD72865AE5000316AF8 /* Build configuration list for PBXProject "Pokemon" */ = {
			isa = XCConfigurationList;
			buildConfigurations = (
				87A990072865AE5200316AF8 /* Debug */,
				87A990082865AE5200316AF8 /* Release */,
			);
			defaultConfigurationIsVisible = 0;
			defaultConfigurationName = Release;
		};
		87A990092865AE5200316AF8 /* Build configuration list for PBXNativeTarget "Pokemon" */ = {
			isa = XCConfigurationList;
			buildConfigurations = (
				87A9900A2865AE5200316AF8 /* Debug */,
				87A9900B2865AE5200316AF8 /* Release */,
			);
			defaultConfigurationIsVisible = 0;
			defaultConfigurationName = Release;
		};
		87A9900C2865AE5200316AF8 /* Build configuration list for PBXNativeTarget "PokemonTests" */ = {
			isa = XCConfigurationList;
			buildConfigurations = (
				87A9900D2865AE5200316AF8 /* Debug */,
				87A9900E2865AE5200316AF8 /* Release */,
			);
			defaultConfigurationIsVisible = 0;
			defaultConfigurationName = Release;
		};
		87A9900F2865AE5200316AF8 /* Build configuration list for PBXNativeTarget "PokemonUITests" */ = {
			isa = XCConfigurationList;
			buildConfigurations = (
				87A990102865AE5200316AF8 /* Debug */,
				87A990112865AE5200316AF8 /* Release */,
			);
			defaultConfigurationIsVisible = 0;
			defaultConfigurationName = Release;
		};
/* End XCConfigurationList section */

/* Begin XCVersionGroup section */
		87A98FE82865AE5000316AF8 /* Pokemon.xcdatamodeld */ = {
			isa = XCVersionGroup;
			children = (
				87A98FE92865AE5000316AF8 /* Pokemon.xcdatamodel */,
			);
			currentVersion = 87A98FE92865AE5000316AF8 /* Pokemon.xcdatamodel */;
			path = Pokemon.xcdatamodeld;
			sourceTree = "<group>";
			versionGroupType = wrapper.xcdatamodel;
		};
/* End XCVersionGroup section */
	};
	rootObject = 87A98FD42865AE5000316AF8 /* Project object */;
}
